
Microsoft Visual Studio Solution File, Format Version 12.00
# Visual Studio 2013
VisualStudioVersion = 12.0.21005.1
MinimumVisualStudioVersion = 10.0.40219.1
Project("{FAE04EC0-301F-11D3-BF4B-00C04F79EFBC}") = "Shared", "Shared\Shared.csproj", "{20C498B8-269F-42C5-8BC4-C4A76DB7FA77}"
EndProject
Project("{FAE04EC0-301F-11D3-BF4B-00C04F79EFBC}") = "MasterServer", "MasterServer\MasterServer.csproj", "{96952822-869F-4043-81B5-A89780F37B59}"
EndProject
Project("{FAE04EC0-301F-11D3-BF4B-00C04F79EFBC}") = "SlaveServer", "SlaveServer\SlaveServer.csproj", "{FAD718D7-D275-4156-AAFE-19BEE4119AA3}"
EndProject
Project("{FAE04EC0-301F-11D3-BF4B-00C04F79EFBC}") = "SampleClientApp", "SampleClientApp\SampleClientApp.csproj", "{95DB743C-8385-452B-88B6-780523F971C6}"
EndProject
Global
	GlobalSection(SolutionConfigurationPlatforms) = preSolution
		Debug|Any CPU = Debug|Any CPU
		Release|Any CPU = Release|Any CPU
	EndGlobalSection
	GlobalSection(ProjectConfigurationPlatforms) = postSolution
		{20C498B8-269F-42C5-8BC4-C4A76DB7FA77}.Debug|Any CPU.ActiveCfg = Debug|Any CPU
		{20C498B8-269F-42C5-8BC4-C4A76DB7FA77}.Debug|Any CPU.Build.0 = Debug|Any CPU
		{20C498B8-269F-42C5-8BC4-C4A76DB7FA77}.Release|Any CPU.ActiveCfg = Release|Any CPU
		{20C498B8-269F-42C5-8BC4-C4A76DB7FA77}.Release|Any CPU.Build.0 = Release|Any CPU
		{96952822-869F-4043-81B5-A89780F37B59}.Debug|Any CPU.ActiveCfg = Debug|Any CPU
		{96952822-869F-4043-81B5-A89780F37B59}.Debug|Any CPU.Build.0 = Debug|Any CPU
		{96952822-869F-4043-81B5-A89780F37B59}.Release|Any CPU.ActiveCfg = Release|Any CPU
		{96952822-869F-4043-81B5-A89780F37B59}.Release|Any CPU.Build.0 = Release|Any CPU
		{FAD718D7-D275-4156-AAFE-19BEE4119AA3}.Debug|Any CPU.ActiveCfg = Debug|Any CPU
		{FAD718D7-D275-4156-AAFE-19BEE4119AA3}.Debug|Any CPU.Build.0 = Debug|Any CPU
		{FAD718D7-D275-4156-AAFE-19BEE4119AA3}.Release|Any CPU.ActiveCfg = Release|Any CPU
		{FAD718D7-D275-4156-AAFE-19BEE4119AA3}.Release|Any CPU.Build.0 = Release|Any CPU
		{95DB743C-8385-452B-88B6-780523F971C6}.Debug|Any CPU.ActiveCfg = Debug|Any CPU
		{95DB743C-8385-452B-88B6-780523F971C6}.Debug|Any CPU.Build.0 = Debug|Any CPU
		{95DB743C-8385-452B-88B6-780523F971C6}.Release|Any CPU.ActiveCfg = Release|Any CPU
		{95DB743C-8385-452B-88B6-780523F971C6}.Release|Any CPU.Build.0 = Release|Any CPU
	EndGlobalSection
	GlobalSection(SolutionProperties) = preSolution
		HideSolutionNode = FALSE
	EndGlobalSection
EndGlobal
